// !$*UTF8*$!
{
	archiveVersion = 1;
	classes = {
	};
	objectVersion = 48;
	objects = {

/* Begin PBXBuildFile section */
		652A69A720166D78001E9DC5 /* AppDelegate.swift in Sources */ = {isa = PBXBuildFile; fileRef = 652A69A620166D78001E9DC5 /* AppDelegate.swift */; };
		652A69A920166D78001E9DC5 /* ViewController.swift in Sources */ = {isa = PBXBuildFile; fileRef = 652A69A820166D78001E9DC5 /* ViewController.swift */; };
		652A69AC20166D78001E9DC5 /* Main.storyboard in Resources */ = {isa = PBXBuildFile; fileRef = 652A69AA20166D78001E9DC5 /* Main.storyboard */; };
		652A69AE20166D78001E9DC5 /* Assets.xcassets in Resources */ = {isa = PBXBuildFile; fileRef = 652A69AD20166D78001E9DC5 /* Assets.xcassets */; };
		652A69B120166D78001E9DC5 /* LaunchScreen.storyboard in Resources */ = {isa = PBXBuildFile; fileRef = 652A69AF20166D78001E9DC5 /* LaunchScreen.storyboard */; };
		652A69BC20166D78001E9DC5 /* SlugBusTests.swift in Sources */ = {isa = PBXBuildFile; fileRef = 652A69BB20166D78001E9DC5 /* SlugBusTests.swift */; };
		652A69C720166D78001E9DC5 /* SlugBusUITests.swift in Sources */ = {isa = PBXBuildFile; fileRef = 652A69C620166D78001E9DC5 /* SlugBusUITests.swift */; };
		652A69D620166F98001E9DC5 /* MapKit.framework in Frameworks */ = {isa = PBXBuildFile; fileRef = 652A69D520166F98001E9DC5 /* MapKit.framework */; };
		652A69D82016B039001E9DC5 /* CoreLocation.framework in Frameworks */ = {isa = PBXBuildFile; fileRef = 652A69D72016B039001E9DC5 /* CoreLocation.framework */; };
		652A69DA2016CC53001E9DC5 /* BusStop.swift in Sources */ = {isa = PBXBuildFile; fileRef = 652A69D92016CC53001E9DC5 /* BusStop.swift */; };
		653D7E66201E6B4A00CC4EEE /* MainEntrance.jpg in Resources */ = {isa = PBXBuildFile; fileRef = 653D7E65201E6B4900CC4EEE /* MainEntrance.jpg */; };
		653D7E84201E9EAE00CC4EEE /* BookstoreInner.jpg in Resources */ = {isa = PBXBuildFile; fileRef = 653D7E67201E9EA600CC4EEE /* BookstoreInner.jpg */; };
		653D7E85201E9EAE00CC4EEE /* EastRemoteOuter.jpg in Resources */ = {isa = PBXBuildFile; fileRef = 653D7E68201E9EA600CC4EEE /* EastRemoteOuter.jpg */; };
		653D7E86201E9EAE00CC4EEE /* CrownCollegeOuter.jpg in Resources */ = {isa = PBXBuildFile; fileRef = 653D7E69201E9EA600CC4EEE /* CrownCollegeOuter.jpg */; };
		653D7E87201E9EAE00CC4EEE /* FamilyStudentHousingOuter.jpg in Resources */ = {isa = PBXBuildFile; fileRef = 653D7E6A201E9EA600CC4EEE /* FamilyStudentHousingOuter.jpg */; };
		653D7E88201E9EAE00CC4EEE /* BookstoreOuter.jpg in Resources */ = {isa = PBXBuildFile; fileRef = 653D7E6B201E9EA700CC4EEE /* BookstoreOuter.jpg */; };
		653D7E89201E9EAE00CC4EEE /* KresgeCollegeInner.jpg in Resources */ = {isa = PBXBuildFile; fileRef = 653D7E6C201E9EA700CC4EEE /* KresgeCollegeInner.jpg */; };
		653D7E8A201E9EAE00CC4EEE /* WesternDrOuter.jpg in Resources */ = {isa = PBXBuildFile; fileRef = 653D7E6D201E9EA700CC4EEE /* WesternDrOuter.jpg */; };
		653D7E8B201E9EAE00CC4EEE /* College9And10Outer.jpg in Resources */ = {isa = PBXBuildFile; fileRef = 653D7E6E201E9EA700CC4EEE /* College9And10Outer.jpg */; };
		653D7E8C201E9EAE00CC4EEE /* KerrHallInner.jpg in Resources */ = {isa = PBXBuildFile; fileRef = 653D7E6F201E9EA800CC4EEE /* KerrHallInner.jpg */; };
		653D7E8D201E9EAE00CC4EEE /* BarnTheaterInner.jpg in Resources */ = {isa = PBXBuildFile; fileRef = 653D7E70201E9EA800CC4EEE /* BarnTheaterInner.jpg */; };
		653D7E8E201E9EAE00CC4EEE /* WesternDrInner.jpg in Resources */ = {isa = PBXBuildFile; fileRef = 653D7E71201E9EA800CC4EEE /* WesternDrInner.jpg */; };
		653D7E8F201E9EAE00CC4EEE /* ArboretumInner.jpg in Resources */ = {isa = PBXBuildFile; fileRef = 653D7E72201E9EA800CC4EEE /* ArboretumInner.jpg */; };
		653D7E90201E9EAE00CC4EEE /* College8PorterOuter.jpg in Resources */ = {isa = PBXBuildFile; fileRef = 653D7E73201E9EA900CC4EEE /* College8PorterOuter.jpg */; };
		653D7E91201E9EAE00CC4EEE /* College9And10Inner.jpg in Resources */ = {isa = PBXBuildFile; fileRef = 653D7E74201E9EA900CC4EEE /* College9And10Inner.jpg */; };
		653D7E92201E9EAE00CC4EEE /* LowerCampusInner.jpg in Resources */ = {isa = PBXBuildFile; fileRef = 653D7E75201E9EA900CC4EEE /* LowerCampusInner.jpg */; };
		653D7E93201E9EAE00CC4EEE /* OakesCollegeOuter.jpg in Resources */ = {isa = PBXBuildFile; fileRef = 653D7E76201E9EA900CC4EEE /* OakesCollegeOuter.jpg */; };
		653D7E95201E9EAE00CC4EEE /* EastFieldHouseOuter.jpg in Resources */ = {isa = PBXBuildFile; fileRef = 653D7E78201E9EAA00CC4EEE /* EastFieldHouseOuter.jpg */; };
		653D7E96201E9EAE00CC4EEE /* EastRemoteInner.jpg in Resources */ = {isa = PBXBuildFile; fileRef = 653D7E79201E9EAA00CC4EEE /* EastRemoteInner.jpg */; };
		653D7E97201E9EAE00CC4EEE /* LowerCampusOuter.jpg in Resources */ = {isa = PBXBuildFile; fileRef = 653D7E7A201E9EAB00CC4EEE /* LowerCampusOuter.jpg */; };
		653D7E98201E9EAE00CC4EEE /* ScienceHillInner.jpg in Resources */ = {isa = PBXBuildFile; fileRef = 653D7E7B201E9EAB00CC4EEE /* ScienceHillInner.jpg */; };
		653D7E99201E9EAE00CC4EEE /* ToscaTerraceOuter.jpg in Resources */ = {isa = PBXBuildFile; fileRef = 653D7E7C201E9EAB00CC4EEE /* ToscaTerraceOuter.jpg */; };
		653D7E9A201E9EAE00CC4EEE /* ArboretumOuter.jpg in Resources */ = {isa = PBXBuildFile; fileRef = 653D7E7D201E9EAC00CC4EEE /* ArboretumOuter.jpg */; };
		653D7E9B201E9EAE00CC4EEE /* LowerQuarryRdOuter.jpg in Resources */ = {isa = PBXBuildFile; fileRef = 653D7E7E201E9EAC00CC4EEE /* LowerQuarryRdOuter.jpg */; };
		653D7E9C201E9EAE00CC4EEE /* College8PorterInner.jpg in Resources */ = {isa = PBXBuildFile; fileRef = 653D7E7F201E9EAC00CC4EEE /* College8PorterInner.jpg */; };
		653D7E9D201E9EAE00CC4EEE /* ScienceHillOuter.jpg in Resources */ = {isa = PBXBuildFile; fileRef = 653D7E80201E9EAD00CC4EEE /* ScienceHillOuter.jpg */; };
		653D7E9E201E9EAE00CC4EEE /* OakesCollegeInner.jpg in Resources */ = {isa = PBXBuildFile; fileRef = 653D7E81201E9EAD00CC4EEE /* OakesCollegeInner.jpg */; };
		653D7E9F201E9EAE00CC4EEE /* LowerQuarryRdInner.jpg in Resources */ = {isa = PBXBuildFile; fileRef = 653D7E82201E9EAD00CC4EEE /* LowerQuarryRdInner.jpg */; };
		653D7EA0201E9EAE00CC4EEE /* KresgeCollegeOuter.jpg in Resources */ = {isa = PBXBuildFile; fileRef = 653D7E83201E9EAD00CC4EEE /* KresgeCollegeOuter.jpg */; };
		653D7EA22021341100CC4EEE /* BusMKAnnotationView.swift in Sources */ = {isa = PBXBuildFile; fileRef = 653D7EA12021341100CC4EEE /* BusMKAnnotationView.swift */; };
		65824DC92019219200D78097 /* Bus.swift in Sources */ = {isa = PBXBuildFile; fileRef = 65824DC82019219200D78097 /* Bus.swift */; };
		C16616962CD02A7EC84AF6C0 /* Pods_SlugBus.framework in Frameworks */ = {isa = PBXBuildFile; fileRef = DB8B13175EB9EE94925059E7 /* Pods_SlugBus.framework */; };
/* End PBXBuildFile section */

/* Begin PBXContainerItemProxy section */
		652A69B820166D78001E9DC5 /* PBXContainerItemProxy */ = {
			isa = PBXContainerItemProxy;
			containerPortal = 652A699B20166D78001E9DC5 /* Project object */;
			proxyType = 1;
			remoteGlobalIDString = 652A69A220166D78001E9DC5;
			remoteInfo = SlugBus;
		};
		652A69C320166D78001E9DC5 /* PBXContainerItemProxy */ = {
			isa = PBXContainerItemProxy;
			containerPortal = 652A699B20166D78001E9DC5 /* Project object */;
			proxyType = 1;
			remoteGlobalIDString = 652A69A220166D78001E9DC5;
			remoteInfo = SlugBus;
		};
/* End PBXContainerItemProxy section */

/* Begin PBXFileReference section */
		652A69A320166D78001E9DC5 /* SlugBus.app */ = {isa = PBXFileReference; explicitFileType = wrapper.application; includeInIndex = 0; path = SlugBus.app; sourceTree = BUILT_PRODUCTS_DIR; };
		652A69A620166D78001E9DC5 /* AppDelegate.swift */ = {isa = PBXFileReference; lastKnownFileType = sourcecode.swift; path = AppDelegate.swift; sourceTree = "<group>"; };
		652A69A820166D78001E9DC5 /* ViewController.swift */ = {isa = PBXFileReference; lastKnownFileType = sourcecode.swift; path = ViewController.swift; sourceTree = "<group>"; };
		652A69AB20166D78001E9DC5 /* Base */ = {isa = PBXFileReference; lastKnownFileType = file.storyboard; name = Base; path = Base.lproj/Main.storyboard; sourceTree = "<group>"; };
		652A69AD20166D78001E9DC5 /* Assets.xcassets */ = {isa = PBXFileReference; lastKnownFileType = folder.assetcatalog; path = Assets.xcassets; sourceTree = "<group>"; };
		652A69B020166D78001E9DC5 /* Base */ = {isa = PBXFileReference; lastKnownFileType = file.storyboard; name = Base; path = Base.lproj/LaunchScreen.storyboard; sourceTree = "<group>"; };
		652A69B220166D78001E9DC5 /* Info.plist */ = {isa = PBXFileReference; lastKnownFileType = text.plist.xml; path = Info.plist; sourceTree = "<group>"; };
		652A69B720166D78001E9DC5 /* SlugBusTests.xctest */ = {isa = PBXFileReference; explicitFileType = wrapper.cfbundle; includeInIndex = 0; path = SlugBusTests.xctest; sourceTree = BUILT_PRODUCTS_DIR; };
		652A69BB20166D78001E9DC5 /* SlugBusTests.swift */ = {isa = PBXFileReference; lastKnownFileType = sourcecode.swift; path = SlugBusTests.swift; sourceTree = "<group>"; };
		652A69BD20166D78001E9DC5 /* Info.plist */ = {isa = PBXFileReference; lastKnownFileType = text.plist.xml; path = Info.plist; sourceTree = "<group>"; };
		652A69C220166D78001E9DC5 /* SlugBusUITests.xctest */ = {isa = PBXFileReference; explicitFileType = wrapper.cfbundle; includeInIndex = 0; path = SlugBusUITests.xctest; sourceTree = BUILT_PRODUCTS_DIR; };
		652A69C620166D78001E9DC5 /* SlugBusUITests.swift */ = {isa = PBXFileReference; lastKnownFileType = sourcecode.swift; path = SlugBusUITests.swift; sourceTree = "<group>"; };
		652A69C820166D78001E9DC5 /* Info.plist */ = {isa = PBXFileReference; lastKnownFileType = text.plist.xml; path = Info.plist; sourceTree = "<group>"; };
		652A69D520166F98001E9DC5 /* MapKit.framework */ = {isa = PBXFileReference; lastKnownFileType = wrapper.framework; name = MapKit.framework; path = System/Library/Frameworks/MapKit.framework; sourceTree = SDKROOT; };
		652A69D72016B039001E9DC5 /* CoreLocation.framework */ = {isa = PBXFileReference; lastKnownFileType = wrapper.framework; name = CoreLocation.framework; path = System/Library/Frameworks/CoreLocation.framework; sourceTree = SDKROOT; };
		652A69D92016CC53001E9DC5 /* BusStop.swift */ = {isa = PBXFileReference; lastKnownFileType = sourcecode.swift; path = BusStop.swift; sourceTree = "<group>"; };
		653D7E65201E6B4900CC4EEE /* MainEntrance.jpg */ = {isa = PBXFileReference; lastKnownFileType = image.jpeg; path = MainEntrance.jpg; sourceTree = "<group>"; };
		653D7E67201E9EA600CC4EEE /* BookstoreInner.jpg */ = {isa = PBXFileReference; lastKnownFileType = image.jpeg; path = BookstoreInner.jpg; sourceTree = "<group>"; };
		653D7E68201E9EA600CC4EEE /* EastRemoteOuter.jpg */ = {isa = PBXFileReference; lastKnownFileType = image.jpeg; path = EastRemoteOuter.jpg; sourceTree = "<group>"; };
		653D7E69201E9EA600CC4EEE /* CrownCollegeOuter.jpg */ = {isa = PBXFileReference; lastKnownFileType = image.jpeg; path = CrownCollegeOuter.jpg; sourceTree = "<group>"; };
		653D7E6A201E9EA600CC4EEE /* FamilyStudentHousingOuter.jpg */ = {isa = PBXFileReference; lastKnownFileType = image.jpeg; path = FamilyStudentHousingOuter.jpg; sourceTree = "<group>"; };
		653D7E6B201E9EA700CC4EEE /* BookstoreOuter.jpg */ = {isa = PBXFileReference; lastKnownFileType = image.jpeg; path = BookstoreOuter.jpg; sourceTree = "<group>"; };
		653D7E6C201E9EA700CC4EEE /* KresgeCollegeInner.jpg */ = {isa = PBXFileReference; lastKnownFileType = image.jpeg; path = KresgeCollegeInner.jpg; sourceTree = "<group>"; };
		653D7E6D201E9EA700CC4EEE /* WesternDrOuter.jpg */ = {isa = PBXFileReference; lastKnownFileType = image.jpeg; path = WesternDrOuter.jpg; sourceTree = "<group>"; };
		653D7E6E201E9EA700CC4EEE /* College9And10Outer.jpg */ = {isa = PBXFileReference; lastKnownFileType = image.jpeg; path = College9And10Outer.jpg; sourceTree = "<group>"; };
		653D7E6F201E9EA800CC4EEE /* KerrHallInner.jpg */ = {isa = PBXFileReference; lastKnownFileType = image.jpeg; path = KerrHallInner.jpg; sourceTree = "<group>"; };
		653D7E70201E9EA800CC4EEE /* BarnTheaterInner.jpg */ = {isa = PBXFileReference; lastKnownFileType = image.jpeg; path = BarnTheaterInner.jpg; sourceTree = "<group>"; };
		653D7E71201E9EA800CC4EEE /* WesternDrInner.jpg */ = {isa = PBXFileReference; lastKnownFileType = image.jpeg; path = WesternDrInner.jpg; sourceTree = "<group>"; };
		653D7E72201E9EA800CC4EEE /* ArboretumInner.jpg */ = {isa = PBXFileReference; lastKnownFileType = image.jpeg; path = ArboretumInner.jpg; sourceTree = "<group>"; };
		653D7E73201E9EA900CC4EEE /* College8PorterOuter.jpg */ = {isa = PBXFileReference; lastKnownFileType = image.jpeg; path = College8PorterOuter.jpg; sourceTree = "<group>"; };
		653D7E74201E9EA900CC4EEE /* College9And10Inner.jpg */ = {isa = PBXFileReference; lastKnownFileType = image.jpeg; path = College9And10Inner.jpg; sourceTree = "<group>"; };
		653D7E75201E9EA900CC4EEE /* LowerCampusInner.jpg */ = {isa = PBXFileReference; lastKnownFileType = image.jpeg; path = LowerCampusInner.jpg; sourceTree = "<group>"; };
		653D7E76201E9EA900CC4EEE /* OakesCollegeOuter.jpg */ = {isa = PBXFileReference; lastKnownFileType = image.jpeg; path = OakesCollegeOuter.jpg; sourceTree = "<group>"; };
		653D7E78201E9EAA00CC4EEE /* EastFieldHouseOuter.jpg */ = {isa = PBXFileReference; lastKnownFileType = image.jpeg; path = EastFieldHouseOuter.jpg; sourceTree = "<group>"; };
		653D7E79201E9EAA00CC4EEE /* EastRemoteInner.jpg */ = {isa = PBXFileReference; lastKnownFileType = image.jpeg; path = EastRemoteInner.jpg; sourceTree = "<group>"; };
		653D7E7A201E9EAB00CC4EEE /* LowerCampusOuter.jpg */ = {isa = PBXFileReference; lastKnownFileType = image.jpeg; path = LowerCampusOuter.jpg; sourceTree = "<group>"; };
		653D7E7B201E9EAB00CC4EEE /* ScienceHillInner.jpg */ = {isa = PBXFileReference; lastKnownFileType = image.jpeg; path = ScienceHillInner.jpg; sourceTree = "<group>"; };
		653D7E7C201E9EAB00CC4EEE /* ToscaTerraceOuter.jpg */ = {isa = PBXFileReference; lastKnownFileType = image.jpeg; path = ToscaTerraceOuter.jpg; sourceTree = "<group>"; };
		653D7E7D201E9EAC00CC4EEE /* ArboretumOuter.jpg */ = {isa = PBXFileReference; lastKnownFileType = image.jpeg; path = ArboretumOuter.jpg; sourceTree = "<group>"; };
		653D7E7E201E9EAC00CC4EEE /* LowerQuarryRdOuter.jpg */ = {isa = PBXFileReference; lastKnownFileType = image.jpeg; path = LowerQuarryRdOuter.jpg; sourceTree = "<group>"; };
		653D7E7F201E9EAC00CC4EEE /* College8PorterInner.jpg */ = {isa = PBXFileReference; lastKnownFileType = image.jpeg; path = College8PorterInner.jpg; sourceTree = "<group>"; };
		653D7E80201E9EAD00CC4EEE /* ScienceHillOuter.jpg */ = {isa = PBXFileReference; lastKnownFileType = image.jpeg; path = ScienceHillOuter.jpg; sourceTree = "<group>"; };
		653D7E81201E9EAD00CC4EEE /* OakesCollegeInner.jpg */ = {isa = PBXFileReference; lastKnownFileType = image.jpeg; path = OakesCollegeInner.jpg; sourceTree = "<group>"; };
		653D7E82201E9EAD00CC4EEE /* LowerQuarryRdInner.jpg */ = {isa = PBXFileReference; lastKnownFileType = image.jpeg; path = LowerQuarryRdInner.jpg; sourceTree = "<group>"; };
		653D7E83201E9EAD00CC4EEE /* KresgeCollegeOuter.jpg */ = {isa = PBXFileReference; lastKnownFileType = image.jpeg; path = KresgeCollegeOuter.jpg; sourceTree = "<group>"; };
		653D7EA12021341100CC4EEE /* BusMKAnnotationView.swift */ = {isa = PBXFileReference; lastKnownFileType = sourcecode.swift; path = BusMKAnnotationView.swift; sourceTree = "<group>"; };
		65824DC82019219200D78097 /* Bus.swift */ = {isa = PBXFileReference; lastKnownFileType = sourcecode.swift; path = Bus.swift; sourceTree = "<group>"; };
		917D1BC1938BD044CF01D2D2 /* Pods-SlugBus.debug.xcconfig */ = {isa = PBXFileReference; includeInIndex = 1; lastKnownFileType = text.xcconfig; name = "Pods-SlugBus.debug.xcconfig"; path = "Pods/Target Support Files/Pods-SlugBus/Pods-SlugBus.debug.xcconfig"; sourceTree = "<group>"; };
		92C499F548B25CC85186AA87 /* Pods-SlugBus.release.xcconfig */ = {isa = PBXFileReference; includeInIndex = 1; lastKnownFileType = text.xcconfig; name = "Pods-SlugBus.release.xcconfig"; path = "Pods/Target Support Files/Pods-SlugBus/Pods-SlugBus.release.xcconfig"; sourceTree = "<group>"; };
		DB8B13175EB9EE94925059E7 /* Pods_SlugBus.framework */ = {isa = PBXFileReference; explicitFileType = wrapper.framework; includeInIndex = 0; path = Pods_SlugBus.framework; sourceTree = BUILT_PRODUCTS_DIR; };
/* End PBXFileReference section */

/* Begin PBXFrameworksBuildPhase section */
		652A69A020166D78001E9DC5 /* Frameworks */ = {
			isa = PBXFrameworksBuildPhase;
			buildActionMask = 2147483647;
			files = (
				652A69D82016B039001E9DC5 /* CoreLocation.framework in Frameworks */,
				652A69D620166F98001E9DC5 /* MapKit.framework in Frameworks */,
				C16616962CD02A7EC84AF6C0 /* Pods_SlugBus.framework in Frameworks */,
			);
			runOnlyForDeploymentPostprocessing = 0;
		};
		652A69B420166D78001E9DC5 /* Frameworks */ = {
			isa = PBXFrameworksBuildPhase;
			buildActionMask = 2147483647;
			files = (
			);
			runOnlyForDeploymentPostprocessing = 0;
		};
		652A69BF20166D78001E9DC5 /* Frameworks */ = {
			isa = PBXFrameworksBuildPhase;
			buildActionMask = 2147483647;
			files = (
			);
			runOnlyForDeploymentPostprocessing = 0;
		};
/* End PBXFrameworksBuildPhase section */

/* Begin PBXGroup section */
		652A699A20166D78001E9DC5 = {
			isa = PBXGroup;
			children = (
				652A69A520166D78001E9DC5 /* SlugBus */,
				652A69BA20166D78001E9DC5 /* SlugBusTests */,
				652A69C520166D78001E9DC5 /* SlugBusUITests */,
				652A69A420166D78001E9DC5 /* Products */,
				652A69D420166F98001E9DC5 /* Frameworks */,
				8276A8091E5F87010BFA7B7D /* Pods */,
			);
			sourceTree = "<group>";
		};
		652A69A420166D78001E9DC5 /* Products */ = {
			isa = PBXGroup;
			children = (
				652A69A320166D78001E9DC5 /* SlugBus.app */,
				652A69B720166D78001E9DC5 /* SlugBusTests.xctest */,
				652A69C220166D78001E9DC5 /* SlugBusUITests.xctest */,
			);
			name = Products;
			sourceTree = "<group>";
		};
		652A69A520166D78001E9DC5 /* SlugBus */ = {
			isa = PBXGroup;
			children = (
				652A69A620166D78001E9DC5 /* AppDelegate.swift */,
				652A69A820166D78001E9DC5 /* ViewController.swift */,
				652A69AA20166D78001E9DC5 /* Main.storyboard */,
				652A69AD20166D78001E9DC5 /* Assets.xcassets */,
				652A69AF20166D78001E9DC5 /* LaunchScreen.storyboard */,
				652A69B220166D78001E9DC5 /* Info.plist */,
				652A69D92016CC53001E9DC5 /* BusStop.swift */,
				653D7E7A201E9EAB00CC4EEE /* LowerCampusOuter.jpg */,
				653D7E82201E9EAD00CC4EEE /* LowerQuarryRdInner.jpg */,
				653D7E7E201E9EAC00CC4EEE /* LowerQuarryRdOuter.jpg */,
				653D7E65201E6B4900CC4EEE /* MainEntrance.jpg */,
				653D7E72201E9EA800CC4EEE /* ArboretumInner.jpg */,
				653D7E7D201E9EAC00CC4EEE /* ArboretumOuter.jpg */,
				653D7E70201E9EA800CC4EEE /* BarnTheaterInner.jpg */,
				653D7E67201E9EA600CC4EEE /* BookstoreInner.jpg */,
				653D7E6B201E9EA700CC4EEE /* BookstoreOuter.jpg */,
				653D7E7F201E9EAC00CC4EEE /* College8PorterInner.jpg */,
				653D7E73201E9EA900CC4EEE /* College8PorterOuter.jpg */,
				653D7E74201E9EA900CC4EEE /* College9And10Inner.jpg */,
				653D7E6E201E9EA700CC4EEE /* College9And10Outer.jpg */,
				653D7E69201E9EA600CC4EEE /* CrownCollegeOuter.jpg */,
				653D7E78201E9EAA00CC4EEE /* EastFieldHouseOuter.jpg */,
				653D7E79201E9EAA00CC4EEE /* EastRemoteInner.jpg */,
				653D7E68201E9EA600CC4EEE /* EastRemoteOuter.jpg */,
				653D7E6A201E9EA600CC4EEE /* FamilyStudentHousingOuter.jpg */,
				653D7E6F201E9EA800CC4EEE /* KerrHallInner.jpg */,
				653D7E6C201E9EA700CC4EEE /* KresgeCollegeInner.jpg */,
				653D7E83201E9EAD00CC4EEE /* KresgeCollegeOuter.jpg */,
				653D7E75201E9EA900CC4EEE /* LowerCampusInner.jpg */,
				653D7E81201E9EAD00CC4EEE /* OakesCollegeInner.jpg */,
				653D7E76201E9EA900CC4EEE /* OakesCollegeOuter.jpg */,
				653D7E7B201E9EAB00CC4EEE /* ScienceHillInner.jpg */,
				653D7E80201E9EAD00CC4EEE /* ScienceHillOuter.jpg */,
				653D7E7C201E9EAB00CC4EEE /* ToscaTerraceOuter.jpg */,
				653D7E71201E9EA800CC4EEE /* WesternDrInner.jpg */,
				653D7E6D201E9EA700CC4EEE /* WesternDrOuter.jpg */,
				65824DC82019219200D78097 /* Bus.swift */,
				653D7EA12021341100CC4EEE /* BusMKAnnotationView.swift */,
			);
			path = SlugBus;
			sourceTree = "<group>";
		};
		652A69BA20166D78001E9DC5 /* SlugBusTests */ = {
			isa = PBXGroup;
			children = (
				652A69BB20166D78001E9DC5 /* SlugBusTests.swift */,
				652A69BD20166D78001E9DC5 /* Info.plist */,
			);
			path = SlugBusTests;
			sourceTree = "<group>";
		};
		652A69C520166D78001E9DC5 /* SlugBusUITests */ = {
			isa = PBXGroup;
			children = (
				652A69C620166D78001E9DC5 /* SlugBusUITests.swift */,
				652A69C820166D78001E9DC5 /* Info.plist */,
			);
			path = SlugBusUITests;
			sourceTree = "<group>";
		};
		652A69D420166F98001E9DC5 /* Frameworks */ = {
			isa = PBXGroup;
			children = (
				652A69D72016B039001E9DC5 /* CoreLocation.framework */,
				652A69D520166F98001E9DC5 /* MapKit.framework */,
				DB8B13175EB9EE94925059E7 /* Pods_SlugBus.framework */,
			);
			name = Frameworks;
			sourceTree = "<group>";
		};
		8276A8091E5F87010BFA7B7D /* Pods */ = {
			isa = PBXGroup;
			children = (
				917D1BC1938BD044CF01D2D2 /* Pods-SlugBus.debug.xcconfig */,
				92C499F548B25CC85186AA87 /* Pods-SlugBus.release.xcconfig */,
			);
			name = Pods;
			sourceTree = "<group>";
		};
/* End PBXGroup section */

/* Begin PBXNativeTarget section */
		652A69A220166D78001E9DC5 /* SlugBus */ = {
			isa = PBXNativeTarget;
			buildConfigurationList = 652A69CB20166D78001E9DC5 /* Build configuration list for PBXNativeTarget "SlugBus" */;
			buildPhases = (
				A1BA03177B70FF835CC124C9 /* [CP] Check Pods Manifest.lock */,
				652A699F20166D78001E9DC5 /* Sources */,
				652A69A020166D78001E9DC5 /* Frameworks */,
				652A69A120166D78001E9DC5 /* Resources */,
				3D63D375A5EA4BD98713AA9E /* [CP] Embed Pods Frameworks */,
				F04875A12B72400660F0A34D /* [CP] Copy Pods Resources */,
			);
			buildRules = (
			);
			dependencies = (
			);
			name = SlugBus;
			productName = SlugBus;
			productReference = 652A69A320166D78001E9DC5 /* SlugBus.app */;
			productType = "com.apple.product-type.application";
		};
		652A69B620166D78001E9DC5 /* SlugBusTests */ = {
			isa = PBXNativeTarget;
			buildConfigurationList = 652A69CE20166D78001E9DC5 /* Build configuration list for PBXNativeTarget "SlugBusTests" */;
			buildPhases = (
				652A69B320166D78001E9DC5 /* Sources */,
				652A69B420166D78001E9DC5 /* Frameworks */,
				652A69B520166D78001E9DC5 /* Resources */,
			);
			buildRules = (
			);
			dependencies = (
				652A69B920166D78001E9DC5 /* PBXTargetDependency */,
			);
			name = SlugBusTests;
			productName = SlugBusTests;
			productReference = 652A69B720166D78001E9DC5 /* SlugBusTests.xctest */;
			productType = "com.apple.product-type.bundle.unit-test";
		};
		652A69C120166D78001E9DC5 /* SlugBusUITests */ = {
			isa = PBXNativeTarget;
			buildConfigurationList = 652A69D120166D78001E9DC5 /* Build configuration list for PBXNativeTarget "SlugBusUITests" */;
			buildPhases = (
				652A69BE20166D78001E9DC5 /* Sources */,
				652A69BF20166D78001E9DC5 /* Frameworks */,
				652A69C020166D78001E9DC5 /* Resources */,
			);
			buildRules = (
			);
			dependencies = (
				652A69C420166D78001E9DC5 /* PBXTargetDependency */,
			);
			name = SlugBusUITests;
			productName = SlugBusUITests;
			productReference = 652A69C220166D78001E9DC5 /* SlugBusUITests.xctest */;
			productType = "com.apple.product-type.bundle.ui-testing";
		};
/* End PBXNativeTarget section */

/* Begin PBXProject section */
		652A699B20166D78001E9DC5 /* Project object */ = {
			isa = PBXProject;
			attributes = {
				LastSwiftUpdateCheck = 0920;
				LastUpgradeCheck = 0920;
				ORGANIZATIONNAME = "UCSC Slugs";
				TargetAttributes = {
					652A69A220166D78001E9DC5 = {
						CreatedOnToolsVersion = 9.2;
						ProvisioningStyle = Automatic;
						SystemCapabilities = {
							com.apple.Maps.iOS = {
								enabled = 1;
							};
						};
					};
					652A69B620166D78001E9DC5 = {
						CreatedOnToolsVersion = 9.2;
						ProvisioningStyle = Automatic;
						TestTargetID = 652A69A220166D78001E9DC5;
					};
					652A69C120166D78001E9DC5 = {
						CreatedOnToolsVersion = 9.2;
						ProvisioningStyle = Automatic;
						TestTargetID = 652A69A220166D78001E9DC5;
					};
				};
			};
			buildConfigurationList = 652A699E20166D78001E9DC5 /* Build configuration list for PBXProject "SlugBus" */;
			compatibilityVersion = "Xcode 8.0";
			developmentRegion = en;
			hasScannedForEncodings = 0;
			knownRegions = (
				en,
				Base,
			);
			mainGroup = 652A699A20166D78001E9DC5;
			productRefGroup = 652A69A420166D78001E9DC5 /* Products */;
			projectDirPath = "";
			projectRoot = "";
			targets = (
				652A69A220166D78001E9DC5 /* SlugBus */,
				652A69B620166D78001E9DC5 /* SlugBusTests */,
				652A69C120166D78001E9DC5 /* SlugBusUITests */,
			);
		};
/* End PBXProject section */

/* Begin PBXResourcesBuildPhase section */
		652A69A120166D78001E9DC5 /* Resources */ = {
			isa = PBXResourcesBuildPhase;
			buildActionMask = 2147483647;
			files = (
				653D7EA0201E9EAE00CC4EEE /* KresgeCollegeOuter.jpg in Resources */,
				653D7E8B201E9EAE00CC4EEE /* College9And10Outer.jpg in Resources */,
				653D7E91201E9EAE00CC4EEE /* College9And10Inner.jpg in Resources */,
				653D7E9C201E9EAE00CC4EEE /* College8PorterInner.jpg in Resources */,
				653D7E66201E6B4A00CC4EEE /* MainEntrance.jpg in Resources */,
				653D7E9F201E9EAE00CC4EEE /* LowerQuarryRdInner.jpg in Resources */,
				653D7E8C201E9EAE00CC4EEE /* KerrHallInner.jpg in Resources */,
				653D7E87201E9EAE00CC4EEE /* FamilyStudentHousingOuter.jpg in Resources */,
				653D7E98201E9EAE00CC4EEE /* ScienceHillInner.jpg in Resources */,
				653D7E93201E9EAE00CC4EEE /* OakesCollegeOuter.jpg in Resources */,
				653D7E84201E9EAE00CC4EEE /* BookstoreInner.jpg in Resources */,
				653D7E89201E9EAE00CC4EEE /* KresgeCollegeInner.jpg in Resources */,
				653D7E95201E9EAE00CC4EEE /* EastFieldHouseOuter.jpg in Resources */,
				652A69B120166D78001E9DC5 /* LaunchScreen.storyboard in Resources */,
				653D7E9D201E9EAE00CC4EEE /* ScienceHillOuter.jpg in Resources */,
				652A69AE20166D78001E9DC5 /* Assets.xcassets in Resources */,
				653D7E92201E9EAE00CC4EEE /* LowerCampusInner.jpg in Resources */,
				653D7E9E201E9EAE00CC4EEE /* OakesCollegeInner.jpg in Resources */,
				653D7E85201E9EAE00CC4EEE /* EastRemoteOuter.jpg in Resources */,
				653D7E88201E9EAE00CC4EEE /* BookstoreOuter.jpg in Resources */,
				653D7E86201E9EAE00CC4EEE /* CrownCollegeOuter.jpg in Resources */,
				653D7E99201E9EAE00CC4EEE /* ToscaTerraceOuter.jpg in Resources */,
				653D7E96201E9EAE00CC4EEE /* EastRemoteInner.jpg in Resources */,
				653D7E9B201E9EAE00CC4EEE /* LowerQuarryRdOuter.jpg in Resources */,
				653D7E9A201E9EAE00CC4EEE /* ArboretumOuter.jpg in Resources */,
				653D7E8D201E9EAE00CC4EEE /* BarnTheaterInner.jpg in Resources */,
				653D7E8E201E9EAE00CC4EEE /* WesternDrInner.jpg in Resources */,
				653D7E8A201E9EAE00CC4EEE /* WesternDrOuter.jpg in Resources */,
				653D7E97201E9EAE00CC4EEE /* LowerCampusOuter.jpg in Resources */,
				653D7E8F201E9EAE00CC4EEE /* ArboretumInner.jpg in Resources */,
				653D7E90201E9EAE00CC4EEE /* College8PorterOuter.jpg in Resources */,
				652A69AC20166D78001E9DC5 /* Main.storyboard in Resources */,
			);
			runOnlyForDeploymentPostprocessing = 0;
		};
		652A69B520166D78001E9DC5 /* Resources */ = {
			isa = PBXResourcesBuildPhase;
			buildActionMask = 2147483647;
			files = (
			);
			runOnlyForDeploymentPostprocessing = 0;
		};
		652A69C020166D78001E9DC5 /* Resources */ = {
			isa = PBXResourcesBuildPhase;
			buildActionMask = 2147483647;
			files = (
			);
			runOnlyForDeploymentPostprocessing = 0;
		};
/* End PBXResourcesBuildPhase section */

/* Begin PBXShellScriptBuildPhase section */
		3D63D375A5EA4BD98713AA9E /* [CP] Embed Pods Frameworks */ = {
			isa = PBXShellScriptBuildPhase;
			buildActionMask = 2147483647;
			files = (
			);
			inputPaths = (
				"${SRCROOT}/Pods/Target Support Files/Pods-SlugBus/Pods-SlugBus-frameworks.sh",
				"${BUILT_PRODUCTS_DIR}/SwiftyJSON/SwiftyJSON.framework",
			);
			name = "[CP] Embed Pods Frameworks";
			outputPaths = (
				"${TARGET_BUILD_DIR}/${FRAMEWORKS_FOLDER_PATH}/SwiftyJSON.framework",
			);
			runOnlyForDeploymentPostprocessing = 0;
			shellPath = /bin/sh;
			shellScript = "\"${SRCROOT}/Pods/Target Support Files/Pods-SlugBus/Pods-SlugBus-frameworks.sh\"\n";
			showEnvVarsInLog = 0;
		};
		A1BA03177B70FF835CC124C9 /* [CP] Check Pods Manifest.lock */ = {
			isa = PBXShellScriptBuildPhase;
			buildActionMask = 2147483647;
			files = (
			);
			inputPaths = (
				"${PODS_PODFILE_DIR_PATH}/Podfile.lock",
				"${PODS_ROOT}/Manifest.lock",
			);
			name = "[CP] Check Pods Manifest.lock";
			outputPaths = (
				"$(DERIVED_FILE_DIR)/Pods-SlugBus-checkManifestLockResult.txt",
			);
			runOnlyForDeploymentPostprocessing = 0;
			shellPath = /bin/sh;
			shellScript = "diff \"${PODS_PODFILE_DIR_PATH}/Podfile.lock\" \"${PODS_ROOT}/Manifest.lock\" > /dev/null\nif [ $? != 0 ] ; then\n    # print error to STDERR\n    echo \"error: The sandbox is not in sync with the Podfile.lock. Run 'pod install' or update your CocoaPods installation.\" >&2\n    exit 1\nfi\n# This output is used by Xcode 'outputs' to avoid re-running this script phase.\necho \"SUCCESS\" > \"${SCRIPT_OUTPUT_FILE_0}\"\n";
			showEnvVarsInLog = 0;
		};
		F04875A12B72400660F0A34D /* [CP] Copy Pods Resources */ = {
			isa = PBXShellScriptBuildPhase;
			buildActionMask = 2147483647;
			files = (
			);
			inputPaths = (
			);
			name = "[CP] Copy Pods Resources";
			outputPaths = (
			);
			runOnlyForDeploymentPostprocessing = 0;
			shellPath = /bin/sh;
			shellScript = "\"${SRCROOT}/Pods/Target Support Files/Pods-SlugBus/Pods-SlugBus-resources.sh\"\n";
			showEnvVarsInLog = 0;
		};
/* End PBXShellScriptBuildPhase section */

/* Begin PBXSourcesBuildPhase section */
		652A699F20166D78001E9DC5 /* Sources */ = {
			isa = PBXSourcesBuildPhase;
			buildActionMask = 2147483647;
			files = (
				652A69DA2016CC53001E9DC5 /* BusStop.swift in Sources */,
				652A69A920166D78001E9DC5 /* ViewController.swift in Sources */,
				65824DC92019219200D78097 /* Bus.swift in Sources */,
				652A69A720166D78001E9DC5 /* AppDelegate.swift in Sources */,
				653D7EA22021341100CC4EEE /* BusMKAnnotationView.swift in Sources */,
			);
			runOnlyForDeploymentPostprocessing = 0;
		};
		652A69B320166D78001E9DC5 /* Sources */ = {
			isa = PBXSourcesBuildPhase;
			buildActionMask = 2147483647;
			files = (
				652A69BC20166D78001E9DC5 /* SlugBusTests.swift in Sources */,
			);
			runOnlyForDeploymentPostprocessing = 0;
		};
		652A69BE20166D78001E9DC5 /* Sources */ = {
			isa = PBXSourcesBuildPhase;
			buildActionMask = 2147483647;
			files = (
				652A69C720166D78001E9DC5 /* SlugBusUITests.swift in Sources */,
			);
			runOnlyForDeploymentPostprocessing = 0;
		};
/* End PBXSourcesBuildPhase section */

/* Begin PBXTargetDependency section */
		652A69B920166D78001E9DC5 /* PBXTargetDependency */ = {
			isa = PBXTargetDependency;
			target = 652A69A220166D78001E9DC5 /* SlugBus */;
			targetProxy = 652A69B820166D78001E9DC5 /* PBXContainerItemProxy */;
		};
		652A69C420166D78001E9DC5 /* PBXTargetDependency */ = {
			isa = PBXTargetDependency;
			target = 652A69A220166D78001E9DC5 /* SlugBus */;
			targetProxy = 652A69C320166D78001E9DC5 /* PBXContainerItemProxy */;
		};
/* End PBXTargetDependency section */

/* Begin PBXVariantGroup section */
		652A69AA20166D78001E9DC5 /* Main.storyboard */ = {
			isa = PBXVariantGroup;
			children = (
				652A69AB20166D78001E9DC5 /* Base */,
			);
			name = Main.storyboard;
			sourceTree = "<group>";
		};
		652A69AF20166D78001E9DC5 /* LaunchScreen.storyboard */ = {
			isa = PBXVariantGroup;
			children = (
				652A69B020166D78001E9DC5 /* Base */,
			);
			name = LaunchScreen.storyboard;
			sourceTree = "<group>";
		};
/* End PBXVariantGroup section */

/* Begin XCBuildConfiguration section */
		652A69C920166D78001E9DC5 /* Debug */ = {
			isa = XCBuildConfiguration;
			buildSettings = {
				ALWAYS_SEARCH_USER_PATHS = NO;
				CLANG_ANALYZER_NONNULL = YES;
				CLANG_ANALYZER_NUMBER_OBJECT_CONVERSION = YES_AGGRESSIVE;
				CLANG_CXX_LANGUAGE_STANDARD = "gnu++14";
				CLANG_CXX_LIBRARY = "libc++";
				CLANG_ENABLE_MODULES = YES;
				CLANG_ENABLE_OBJC_ARC = YES;
				CLANG_WARN_BLOCK_CAPTURE_AUTORELEASING = YES;
				CLANG_WARN_BOOL_CONVERSION = YES;
				CLANG_WARN_COMMA = YES;
				CLANG_WARN_CONSTANT_CONVERSION = YES;
				CLANG_WARN_DIRECT_OBJC_ISA_USAGE = YES_ERROR;
				CLANG_WARN_DOCUMENTATION_COMMENTS = YES;
				CLANG_WARN_EMPTY_BODY = YES;
				CLANG_WARN_ENUM_CONVERSION = YES;
				CLANG_WARN_INFINITE_RECURSION = YES;
				CLANG_WARN_INT_CONVERSION = YES;
				CLANG_WARN_NON_LITERAL_NULL_CONVERSION = YES;
				CLANG_WARN_OBJC_LITERAL_CONVERSION = YES;
				CLANG_WARN_OBJC_ROOT_CLASS = YES_ERROR;
				CLANG_WARN_RANGE_LOOP_ANALYSIS = YES;
				CLANG_WARN_STRICT_PROTOTYPES = YES;
				CLANG_WARN_SUSPICIOUS_MOVE = YES;
				CLANG_WARN_UNGUARDED_AVAILABILITY = YES_AGGRESSIVE;
				CLANG_WARN_UNREACHABLE_CODE = YES;
				CLANG_WARN__DUPLICATE_METHOD_MATCH = YES;
				CODE_SIGN_IDENTITY = "iPhone Developer";
				COPY_PHASE_STRIP = NO;
				DEBUG_INFORMATION_FORMAT = dwarf;
				ENABLE_STRICT_OBJC_MSGSEND = YES;
				ENABLE_TESTABILITY = YES;
				GCC_C_LANGUAGE_STANDARD = gnu11;
				GCC_DYNAMIC_NO_PIC = NO;
				GCC_NO_COMMON_BLOCKS = YES;
				GCC_OPTIMIZATION_LEVEL = 0;
				GCC_PREPROCESSOR_DEFINITIONS = (
					"DEBUG=1",
					"$(inherited)",
				);
				GCC_WARN_64_TO_32_BIT_CONVERSION = YES;
				GCC_WARN_ABOUT_RETURN_TYPE = YES_ERROR;
				GCC_WARN_UNDECLARED_SELECTOR = YES;
				GCC_WARN_UNINITIALIZED_AUTOS = YES_AGGRESSIVE;
				GCC_WARN_UNUSED_FUNCTION = YES;
				GCC_WARN_UNUSED_VARIABLE = YES;
				IPHONEOS_DEPLOYMENT_TARGET = 11.2;
				MTL_ENABLE_DEBUG_INFO = YES;
				ONLY_ACTIVE_ARCH = YES;
				SDKROOT = iphoneos;
				SWIFT_ACTIVE_COMPILATION_CONDITIONS = DEBUG;
				SWIFT_OPTIMIZATION_LEVEL = "-Onone";
			};
			name = Debug;
		};
		652A69CA20166D78001E9DC5 /* Release */ = {
			isa = XCBuildConfiguration;
			buildSettings = {
				ALWAYS_SEARCH_USER_PATHS = NO;
				CLANG_ANALYZER_NONNULL = YES;
				CLANG_ANALYZER_NUMBER_OBJECT_CONVERSION = YES_AGGRESSIVE;
				CLANG_CXX_LANGUAGE_STANDARD = "gnu++14";
				CLANG_CXX_LIBRARY = "libc++";
				CLANG_ENABLE_MODULES = YES;
				CLANG_ENABLE_OBJC_ARC = YES;
				CLANG_WARN_BLOCK_CAPTURE_AUTORELEASING = YES;
				CLANG_WARN_BOOL_CONVERSION = YES;
				CLANG_WARN_COMMA = YES;
				CLANG_WARN_CONSTANT_CONVERSION = YES;
				CLANG_WARN_DIRECT_OBJC_ISA_USAGE = YES_ERROR;
				CLANG_WARN_DOCUMENTATION_COMMENTS = YES;
				CLANG_WARN_EMPTY_BODY = YES;
				CLANG_WARN_ENUM_CONVERSION = YES;
				CLANG_WARN_INFINITE_RECURSION = YES;
				CLANG_WARN_INT_CONVERSION = YES;
				CLANG_WARN_NON_LITERAL_NULL_CONVERSION = YES;
				CLANG_WARN_OBJC_LITERAL_CONVERSION = YES;
				CLANG_WARN_OBJC_ROOT_CLASS = YES_ERROR;
				CLANG_WARN_RANGE_LOOP_ANALYSIS = YES;
				CLANG_WARN_STRICT_PROTOTYPES = YES;
				CLANG_WARN_SUSPICIOUS_MOVE = YES;
				CLANG_WARN_UNGUARDED_AVAILABILITY = YES_AGGRESSIVE;
				CLANG_WARN_UNREACHABLE_CODE = YES;
				CLANG_WARN__DUPLICATE_METHOD_MATCH = YES;
				CODE_SIGN_IDENTITY = "iPhone Developer";
				COPY_PHASE_STRIP = NO;
				DEBUG_INFORMATION_FORMAT = "dwarf-with-dsym";
				ENABLE_NS_ASSERTIONS = NO;
				ENABLE_STRICT_OBJC_MSGSEND = YES;
				GCC_C_LANGUAGE_STANDARD = gnu11;
				GCC_NO_COMMON_BLOCKS = YES;
				GCC_WARN_64_TO_32_BIT_CONVERSION = YES;
				GCC_WARN_ABOUT_RETURN_TYPE = YES_ERROR;
				GCC_WARN_UNDECLARED_SELECTOR = YES;
				GCC_WARN_UNINITIALIZED_AUTOS = YES_AGGRESSIVE;
				GCC_WARN_UNUSED_FUNCTION = YES;
				GCC_WARN_UNUSED_VARIABLE = YES;
				IPHONEOS_DEPLOYMENT_TARGET = 11.2;
				MTL_ENABLE_DEBUG_INFO = NO;
				SDKROOT = iphoneos;
				SWIFT_OPTIMIZATION_LEVEL = "-Owholemodule";
				VALIDATE_PRODUCT = YES;
			};
			name = Release;
		};
		652A69CC20166D78001E9DC5 /* Debug */ = {
			isa = XCBuildConfiguration;
			baseConfigurationReference = 917D1BC1938BD044CF01D2D2 /* Pods-SlugBus.debug.xcconfig */;
			buildSettings = {
				ASSETCATALOG_COMPILER_APPICON_NAME = AppIcon;
				CODE_SIGN_STYLE = Automatic;
				DEVELOPMENT_TEAM = UF2DGJBY6Z;
				INFOPLIST_FILE = SlugBus/Info.plist;
				LD_RUNPATH_SEARCH_PATHS = "$(inherited) @executable_path/Frameworks";
				PRODUCT_BUNDLE_IDENTIFIER = com.ucscslugs.SlugBus;
				PRODUCT_NAME = "$(TARGET_NAME)";
				SWIFT_VERSION = 4.0;
				TARGETED_DEVICE_FAMILY = "1,2";
			};
			name = Debug;
		};
		652A69CD20166D78001E9DC5 /* Release */ = {
			isa = XCBuildConfiguration;
			baseConfigurationReference = 92C499F548B25CC85186AA87 /* Pods-SlugBus.release.xcconfig */;
			buildSettings = {
				ASSETCATALOG_COMPILER_APPICON_NAME = AppIcon;
				CODE_SIGN_STYLE = Automatic;
				DEVELOPMENT_TEAM = UF2DGJBY6Z;
				INFOPLIST_FILE = SlugBus/Info.plist;
				LD_RUNPATH_SEARCH_PATHS = "$(inherited) @executable_path/Frameworks";
				PRODUCT_BUNDLE_IDENTIFIER = com.ucscslugs.SlugBus;
				PRODUCT_NAME = "$(TARGET_NAME)";
				SWIFT_VERSION = 4.0;
				TARGETED_DEVICE_FAMILY = "1,2";
			};
			name = Release;
		};
		652A69CF20166D78001E9DC5 /* Debug */ = {
			isa = XCBuildConfiguration;
			buildSettings = {
				ALWAYS_EMBED_SWIFT_STANDARD_LIBRARIES = YES;
				BUNDLE_LOADER = "$(TEST_HOST)";
				CODE_SIGN_STYLE = Automatic;
				INFOPLIST_FILE = SlugBusTests/Info.plist;
				LD_RUNPATH_SEARCH_PATHS = "$(inherited) @executable_path/Frameworks @loader_path/Frameworks";
				PRODUCT_BUNDLE_IDENTIFIER = com.ucscslugs.SlugBusTests;
				PRODUCT_NAME = "$(TARGET_NAME)";
				SWIFT_VERSION = 4.0;
				TARGETED_DEVICE_FAMILY = "1,2";
				TEST_HOST = "$(BUILT_PRODUCTS_DIR)/SlugBus.app/SlugBus";
			};
			name = Debug;
		};
		652A69D020166D78001E9DC5 /* Release */ = {
			isa = XCBuildConfiguration;
			buildSettings = {
				ALWAYS_EMBED_SWIFT_STANDARD_LIBRARIES = YES;
				BUNDLE_LOADER = "$(TEST_HOST)";
				CODE_SIGN_STYLE = Automatic;
				INFOPLIST_FILE = SlugBusTests/Info.plist;
				LD_RUNPATH_SEARCH_PATHS = "$(inherited) @executable_path/Frameworks @loader_path/Frameworks";
				PRODUCT_BUNDLE_IDENTIFIER = com.ucscslugs.SlugBusTests;
				PRODUCT_NAME = "$(TARGET_NAME)";
				SWIFT_VERSION = 4.0;
				TARGETED_DEVICE_FAMILY = "1,2";
				TEST_HOST = "$(BUILT_PRODUCTS_DIR)/SlugBus.app/SlugBus";
			};
			name = Release;
		};
		652A69D220166D78001E9DC5 /* Debug */ = {
			isa = XCBuildConfiguration;
			buildSettings = {
				ALWAYS_EMBED_SWIFT_STANDARD_LIBRARIES = YES;
				CODE_SIGN_STYLE = Automatic;
				INFOPLIST_FILE = SlugBusUITests/Info.plist;
				LD_RUNPATH_SEARCH_PATHS = "$(inherited) @executable_path/Frameworks @loader_path/Frameworks";
				PRODUCT_BUNDLE_IDENTIFIER = com.ucscslugs.SlugBusUITests;
				PRODUCT_NAME = "$(TARGET_NAME)";
				SWIFT_VERSION = 4.0;
				TARGETED_DEVICE_FAMILY = "1,2";
				TEST_TARGET_NAME = SlugBus;
			};
			name = Debug;
		};
		652A69D320166D78001E9DC5 /* Release */ = {
			isa = XCBuildConfiguration;
			buildSettings = {
				ALWAYS_EMBED_SWIFT_STANDARD_LIBRARIES = YES;
				CODE_SIGN_STYLE = Automatic;
				INFOPLIST_FILE = SlugBusUITests/Info.plist;
				LD_RUNPATH_SEARCH_PATHS = "$(inherited) @executable_path/Frameworks @loader_path/Frameworks";
				PRODUCT_BUNDLE_IDENTIFIER = com.ucscslugs.SlugBusUITests;
				PRODUCT_NAME = "$(TARGET_NAME)";
				SWIFT_VERSION = 4.0;
				TARGETED_DEVICE_FAMILY = "1,2";
				TEST_TARGET_NAME = SlugBus;
			};
			name = Release;
		};
/* End XCBuildConfiguration section */

/* Begin XCConfigurationList section */
		652A699E20166D78001E9DC5 /* Build configuration list for PBXProject "SlugBus" */ = {
			isa = XCConfigurationList;
			buildConfigurations = (
				652A69C920166D78001E9DC5 /* Debug */,
				652A69CA20166D78001E9DC5 /* Release */,
			);
			defaultConfigurationIsVisible = 0;
			defaultConfigurationName = Release;
		};
		652A69CB20166D78001E9DC5 /* Build configuration list for PBXNativeTarget "SlugBus" */ = {
			isa = XCConfigurationList;
			buildConfigurations = (
				652A69CC20166D78001E9DC5 /* Debug */,
				652A69CD20166D78001E9DC5 /* Release */,
			);
			defaultConfigurationIsVisible = 0;
			defaultConfigurationName = Release;
		};
		652A69CE20166D78001E9DC5 /* Build configuration list for PBXNativeTarget "SlugBusTests" */ = {
			isa = XCConfigurationList;
			buildConfigurations = (
				652A69CF20166D78001E9DC5 /* Debug */,
				652A69D020166D78001E9DC5 /* Release */,
			);
			defaultConfigurationIsVisible = 0;
			defaultConfigurationName = Release;
		};
		652A69D120166D78001E9DC5 /* Build configuration list for PBXNativeTarget "SlugBusUITests" */ = {
			isa = XCConfigurationList;
			buildConfigurations = (
				652A69D220166D78001E9DC5 /* Debug */,
				652A69D320166D78001E9DC5 /* Release */,
			);
			defaultConfigurationIsVisible = 0;
			defaultConfigurationName = Release;
		};
/* End XCConfigurationList section */
	};
	rootObject = 652A699B20166D78001E9DC5 /* Project object */;
}
